// !$*UTF8*$!
{
	archiveVersion = 1;
	classes = {
	};
	objectVersion = 48;
	objects = {

/* Begin PBXBuildFile section */
		CB4D061D203C5CC400520BD2 /* main.swift in Sources */ = {isa = PBXBuildFile; fileRef = CB4D061C203C5CC400520BD2 /* main.swift */; };
		CB4D0625203C638500520BD2 /* Yaml.framework in Frameworks */ = {isa = PBXBuildFile; fileRef = CB4D0624203C638500520BD2 /* Yaml.framework */; };
		CB4D0626203C645300520BD2 /* Yaml.framework in Copy Files */ = {isa = PBXBuildFile; fileRef = CB4D0624203C638500520BD2 /* Yaml.framework */; settings = {ATTRIBUTES = (CodeSignOnCopy, ); }; };
		CB4D0630203C6A6000520BD2 /* Content.yml in Copy Files */ = {isa = PBXBuildFile; fileRef = CB4D062F203C6A4B00520BD2 /* Content.yml */; };
		CB4D0632203DBC9900520BD2 /* plantuml.jar in Copy Files */ = {isa = PBXBuildFile; fileRef = CB4D0631203DBC9900520BD2 /* plantuml.jar */; };
/* End PBXBuildFile section */

/* Begin PBXCopyFilesBuildPhase section */
		CB4D0617203C5CC400520BD2 /* Copy Files */ = {
			isa = PBXCopyFilesBuildPhase;
			buildActionMask = 12;
			dstPath = "";
			dstSubfolderSpec = 10;
			files = (
				CB4D0632203DBC9900520BD2 /* plantuml.jar in Copy Files */,
				CB4D0630203C6A6000520BD2 /* Content.yml in Copy Files */,
				CB4D0626203C645300520BD2 /* Yaml.framework in Copy Files */,
			);
			name = "Copy Files";
			runOnlyForDeploymentPostprocessing = 0;
		};
/* End PBXCopyFilesBuildPhase section */

/* Begin PBXFileReference section */
		CB4D0619203C5CC400520BD2 /* Roadmap */ = {isa = PBXFileReference; explicitFileType = "compiled.mach-o.executable"; includeInIndex = 0; path = Roadmap; sourceTree = BUILT_PRODUCTS_DIR; };
		CB4D061C203C5CC400520BD2 /* main.swift */ = {isa = PBXFileReference; lastKnownFileType = sourcecode.swift; path = main.swift; sourceTree = "<group>"; };
		CB4D0624203C638500520BD2 /* Yaml.framework */ = {isa = PBXFileReference; lastKnownFileType = wrapper.framework; name = Yaml.framework; path = "cocoapods-rome/Rome/Yaml.framework"; sourceTree = "<group>"; };
		CB4D062D203C694500520BD2 /* cocoapods-rome */ = {isa = PBXFileReference; lastKnownFileType = folder; path = "cocoapods-rome"; sourceTree = "<group>"; };
		CB4D062F203C6A4B00520BD2 /* Content.yml */ = {isa = PBXFileReference; lastKnownFileType = text; path = Content.yml; sourceTree = "<group>"; };
		CB4D0631203DBC9900520BD2 /* plantuml.jar */ = {isa = PBXFileReference; lastKnownFileType = archive.jar; path = plantuml.jar; sourceTree = "<group>"; };
/* End PBXFileReference section */

/* Begin PBXFrameworksBuildPhase section */
		CB4D0616203C5CC400520BD2 /* Frameworks */ = {
			isa = PBXFrameworksBuildPhase;
			buildActionMask = 2147483647;
			files = (
				CB4D0625203C638500520BD2 /* Yaml.framework in Frameworks */,
			);
			runOnlyForDeploymentPostprocessing = 0;
		};
/* End PBXFrameworksBuildPhase section */

/* Begin PBXGroup section */
		CB4D0610203C5CC400520BD2 = {
			isa = PBXGroup;
			children = (
				CB4D061B203C5CC400520BD2 /* Script */,
				CB4D062D203C694500520BD2 /* cocoapods-rome */,
				CB4D061A203C5CC400520BD2 /* Products */,
				CB4D0623203C638500520BD2 /* Frameworks */,
			);
			sourceTree = "<group>";
		};
		CB4D061A203C5CC400520BD2 /* Products */ = {
			isa = PBXGroup;
			children = (
				CB4D0619203C5CC400520BD2 /* Roadmap */,
			);
			name = Products;
			sourceTree = "<group>";
		};
		CB4D061B203C5CC400520BD2 /* Script */ = {
			isa = PBXGroup;
			children = (
				CB4D0631203DBC9900520BD2 /* plantuml.jar */,
				CB4D061C203C5CC400520BD2 /* main.swift */,
				CB4D062F203C6A4B00520BD2 /* Content.yml */,
			);
			path = Script;
			sourceTree = "<group>";
		};
		CB4D0623203C638500520BD2 /* Frameworks */ = {
			isa = PBXGroup;
			children = (
				CB4D0624203C638500520BD2 /* Yaml.framework */,
			);
			name = Frameworks;
			sourceTree = "<group>";
		};
/* End PBXGroup section */

/* Begin PBXNativeTarget section */
		CB4D0618203C5CC400520BD2 /* Roadmap */ = {
			isa = PBXNativeTarget;
			buildConfigurationList = CB4D0620203C5CC400520BD2 /* Build configuration list for PBXNativeTarget "Roadmap" */;
			buildPhases = (
				CB4D0615203C5CC400520BD2 /* Sources */,
				CB4D0616203C5CC400520BD2 /* Frameworks */,
				CB4D0617203C5CC400520BD2 /* Copy Files */,
			);
			buildRules = (
			);
			dependencies = (
			);
			name = Roadmap;
			productName = Roadmap;
			productReference = CB4D0619203C5CC400520BD2 /* Roadmap */;
			productType = "com.apple.product-type.tool";
		};
/* End PBXNativeTarget section */

/* Begin PBXProject section */
		CB4D0611203C5CC400520BD2 /* Project object */ = {
			isa = PBXProject;
			attributes = {
				LastSwiftUpdateCheck = 0920;
				LastUpgradeCheck = 1020;
				ORGANIZATIONNAME = "Bohdan Orlov";
				TargetAttributes = {
					CB4D0618203C5CC400520BD2 = {
						CreatedOnToolsVersion = 9.2;
						LastSwiftMigration = 1020;
						ProvisioningStyle = Automatic;
					};
				};
			};
			buildConfigurationList = CB4D0614203C5CC400520BD2 /* Build configuration list for PBXProject "Roadmap" */;
			compatibilityVersion = "Xcode 8.0";
			developmentRegion = en;
			hasScannedForEncodings = 0;
			knownRegions = (
				en,
			);
			mainGroup = CB4D0610203C5CC400520BD2;
			productRefGroup = CB4D061A203C5CC400520BD2 /* Products */;
			projectDirPath = "";
			projectRoot = "";
			targets = (
				CB4D0618203C5CC400520BD2 /* Roadmap */,
			);
		};
/* End PBXProject section */

/* Begin PBXSourcesBuildPhase section */
		CB4D0615203C5CC400520BD2 /* Sources */ = {
			isa = PBXSourcesBuildPhase;
			buildActionMask = 2147483647;
			files = (
				CB4D061D203C5CC400520BD2 /* main.swift in Sources */,
			);
			runOnlyForDeploymentPostprocessing = 0;
		};
/* End PBXSourcesBuildPhase section */

/* Begin XCBuildConfiguration section */
		CB4D061E203C5CC400520BD2 /* Debug */ = {
			isa = XCBuildConfiguration;
			buildSettings = {
				ALWAYS_SEARCH_USER_PATHS = NO;
				CLANG_ANALYZER_NONNULL = YES;
				CLANG_ANALYZER_NUMBER_OBJECT_CONVERSION = YES_AGGRESSIVE;
				CLANG_CXX_LANGUAGE_STANDARD = "gnu++14";
				CLANG_CXX_LIBRARY = "libc++";
				CLANG_ENABLE_MODULES = YES;
				CLANG_ENABLE_OBJC_ARC = YES;
				CLANG_WARN_BLOCK_CAPTURE_AUTORELEASING = YES;
				CLANG_WARN_BOOL_CONVERSION = YES;
				CLANG_WARN_COMMA = YES;
				CLANG_WARN_CONSTANT_CONVERSION = YES;
				CLANG_WARN_DEPRECATED_OBJC_IMPLEMENTATIONS = YES;
				CLANG_WARN_DIRECT_OBJC_ISA_USAGE = YES_ERROR;
				CLANG_WARN_DOCUMENTATION_COMMENTS = YES;
				CLANG_WARN_EMPTY_BODY = YES;
				CLANG_WARN_ENUM_CONVERSION = YES;
				CLANG_WARN_INFINITE_RECURSION = YES;
				CLANG_WARN_INT_CONVERSION = YES;
				CLANG_WARN_NON_LITERAL_NULL_CONVERSION = YES;
				CLANG_WARN_OBJC_IMPLICIT_RETAIN_SELF = YES;
				CLANG_WARN_OBJC_LITERAL_CONVERSION = YES;
				CLANG_WARN_OBJC_ROOT_CLASS = YES_ERROR;
				CLANG_WARN_RANGE_LOOP_ANALYSIS = YES;
				CLANG_WARN_STRICT_PROTOTYPES = YES;
				CLANG_WARN_SUSPICIOUS_MOVE = YES;
				CLANG_WARN_UNGUARDED_AVAILABILITY = YES_AGGRESSIVE;
				CLANG_WARN_UNREACHABLE_CODE = YES;
				CLANG_WARN__DUPLICATE_METHOD_MATCH = YES;
				CODE_SIGN_IDENTITY = "-";
				COPY_PHASE_STRIP = NO;
				DEBUG_INFORMATION_FORMAT = dwarf;
				ENABLE_STRICT_OBJC_MSGSEND = YES;
				ENABLE_TESTABILITY = YES;
				GCC_C_LANGUAGE_STANDARD = gnu11;
				GCC_DYNAMIC_NO_PIC = NO;
				GCC_NO_COMMON_BLOCKS = YES;
				GCC_OPTIMIZATION_LEVEL = 0;
				GCC_PREPROCESSOR_DEFINITIONS = (
					"DEBUG=1",
					"$(inherited)",
				);
				GCC_WARN_64_TO_32_BIT_CONVERSION = YES;
				GCC_WARN_ABOUT_RETURN_TYPE = YES_ERROR;
				GCC_WARN_UNDECLARED_SELECTOR = YES;
				GCC_WARN_UNINITIALIZED_AUTOS = YES_AGGRESSIVE;
				GCC_WARN_UNUSED_FUNCTION = YES;
				GCC_WARN_UNUSED_VARIABLE = YES;
				MACOSX_DEPLOYMENT_TARGET = 10.12;
				MTL_ENABLE_DEBUG_INFO = YES;
				ONLY_ACTIVE_ARCH = YES;
				SDKROOT = macosx;
				SWIFT_ACTIVE_COMPILATION_CONDITIONS = DEBUG;
				SWIFT_OPTIMIZATION_LEVEL = "-Onone";
			};
			name = Debug;
		};
		CB4D061F203C5CC400520BD2 /* Release */ = {
			isa = XCBuildConfiguration;
			buildSettings = {
				ALWAYS_SEARCH_USER_PATHS = NO;
				CLANG_ANALYZER_NONNULL = YES;
				CLANG_ANALYZER_NUMBER_OBJECT_CONVERSION = YES_AGGRESSIVE;
				CLANG_CXX_LANGUAGE_STANDARD = "gnu++14";
				CLANG_CXX_LIBRARY = "libc++";
				CLANG_ENABLE_MODULES = YES;
				CLANG_ENABLE_OBJC_ARC = YES;
				CLANG_WARN_BLOCK_CAPTURE_AUTORELEASING = YES;
				CLANG_WARN_BOOL_CONVERSION = YES;
				CLANG_WARN_COMMA = YES;
				CLANG_WARN_CONSTANT_CONVERSION = YES;
				CLANG_WARN_DEPRECATED_OBJC_IMPLEMENTATIONS = YES;
				CLANG_WARN_DIRECT_OBJC_ISA_USAGE = YES_ERROR;
				CLANG_WARN_DOCUMENTATION_COMMENTS = YES;
				CLANG_WARN_EMPTY_BODY = YES;
				CLANG_WARN_ENUM_CONVERSION = YES;
				CLANG_WARN_INFINITE_RECURSION = YES;
				CLANG_WARN_INT_CONVERSION = YES;
				CLANG_WARN_NON_LITERAL_NULL_CONVERSION = YES;
				CLANG_WARN_OBJC_IMPLICIT_RETAIN_SELF = YES;
				CLANG_WARN_OBJC_LITERAL_CONVERSION = YES;
				CLANG_WARN_OBJC_ROOT_CLASS = YES_ERROR;
				CLANG_WARN_RANGE_LOOP_ANALYSIS = YES;
				CLANG_WARN_STRICT_PROTOTYPES = YES;
				CLANG_WARN_SUSPICIOUS_MOVE = YES;
				CLANG_WARN_UNGUARDED_AVAILABILITY = YES_AGGRESSIVE;
				CLANG_WARN_UNREACHABLE_CODE = YES;
				CLANG_WARN__DUPLICATE_METHOD_MATCH = YES;
				CODE_SIGN_IDENTITY = "-";
				COPY_PHASE_STRIP = NO;
				DEBUG_INFORMATION_FORMAT = "dwarf-with-dsym";
				ENABLE_NS_ASSERTIONS = NO;
				ENABLE_STRICT_OBJC_MSGSEND = YES;
				GCC_C_LANGUAGE_STANDARD = gnu11;
				GCC_NO_COMMON_BLOCKS = YES;
				GCC_WARN_64_TO_32_BIT_CONVERSION = YES;
				GCC_WARN_ABOUT_RETURN_TYPE = YES_ERROR;
				GCC_WARN_UNDECLARED_SELECTOR = YES;
				GCC_WARN_UNINITIALIZED_AUTOS = YES_AGGRESSIVE;
				GCC_WARN_UNUSED_FUNCTION = YES;
				GCC_WARN_UNUSED_VARIABLE = YES;
				MACOSX_DEPLOYMENT_TARGET = 10.12;
				MTL_ENABLE_DEBUG_INFO = NO;
				SDKROOT = macosx;
				SWIFT_OPTIMIZATION_LEVEL = "-Owholemodule";
			};
			name = Release;
		};
		CB4D0621203C5CC400520BD2 /* Debug */ = {
			isa = XCBuildConfiguration;
			buildSettings = {
				CODE_SIGN_STYLE = Automatic;
				FRAMEWORK_SEARCH_PATHS = (
					"$(inherited)",
					"$(PROJECT_DIR)/cocoapods-rome/Rome",
				);
				LD_RUNPATH_SEARCH_PATHS = "${DT_TOOLCHAIN_DIR}/usr/lib/swift/macosx/";
				PRODUCT_NAME = "$(TARGET_NAME)";
				SWIFT_VERSION = 5.0;
			};
			name = Debug;
		};
		CB4D0622203C5CC400520BD2 /* Release */ = {
			isa = XCBuildConfiguration;
			buildSettings = {
				CODE_SIGN_STYLE = Automatic;
				FRAMEWORK_SEARCH_PATHS = (
					"$(inherited)",
					"$(PROJECT_DIR)/cocoapods-rome/Rome",
				);
				LD_RUNPATH_SEARCH_PATHS = "${DT_TOOLCHAIN_DIR}/usr/lib/swift/macosx/";
				PRODUCT_NAME = "$(TARGET_NAME)";
				SWIFT_VERSION = 5.0;
			};
			name = Release;
		};
/* End XCBuildConfiguration section */

/* Begin XCConfigurationList section */
		CB4D0614203C5CC400520BD2 /* Build configuration list for PBXProject "Roadmap" */ = {
			isa = XCConfigurationList;
			buildConfigurations = (
				CB4D061E203C5CC400520BD2 /* Debug */,
				CB4D061F203C5CC400520BD2 /* Release */,
			);
			defaultConfigurationIsVisible = 0;
			defaultConfigurationName = Release;
		};
		CB4D0620203C5CC400520BD2 /* Build configuration list for PBXNativeTarget "Roadmap" */ = {
			isa = XCConfigurationList;
			buildConfigurations = (
				CB4D0621203C5CC400520BD2 /* Debug */,
				CB4D0622203C5CC400520BD2 /* Release */,
			);
			defaultConfigurationIsVisible = 0;
			defaultConfigurationName = Release;
		};
/* End XCConfigurationList section */
	};
	rootObject = CB4D0611203C5CC400520BD2 /* Project object */;
}
